{
  "name": "edx-proctoring-proctortrack",
  "version": "1.0.0",
  "lockfileVersion": 1,
  "requires": true,
  "dependencies": {
    "@edx/edx-proctoring": {
      "version": "1.5.0",
      "resolved": "https://registry.npmjs.org/@edx/edx-proctoring/-/edx-proctoring-1.5.0.tgz",
      "integrity": "sha512-RiNjAgh8ZMX0D5gfN2R09a0RBs/R/Blfs/DiqhLmvCSvyCoeMDGANrDDQXv1w5blxxSJbz8a2awSZkwpv6gWNQ=="
    }
  }
}
